
Microsoft Visual Studio Solution File, Format Version 12.00
# Visual Studio Version 17
VisualStudioVersion = 17.5.33627.172
MinimumVisualStudioVersion = 10.0.40219.1
Project("{2150E333-8FDC-42A3-9474-1A3956D46DE8}") = "Frontend", "Frontend", "{C8577E4F-BF0C-43B0-9985-D632448C0B73}"
EndProject
Project("{2150E333-8FDC-42A3-9474-1A3956D46DE8}") = "Services", "Services", "{4E0057F7-BAF8-42A1-8EEA-5E24FE784564}"
EndProject
Project("{9A19103F-16F7-4668-BE54-9A1E7A4F7556}") = "GeekShopping.Web", "GeekShopping.Web\GeekShopping.Web.csproj", "{55AB43CA-1D5F-4628-9EBE-980722A63DB4}"
EndProject
Project("{9A19103F-16F7-4668-BE54-9A1E7A4F7556}") = "GeekShopping.ProductAPI", "GeekShopping.ProductAPI\GeekShopping.ProductAPI.csproj", "{9DD9085B-75C0-490A-BA0A-3DFD52CF61C7}"
EndProject
Project("{9A19103F-16F7-4668-BE54-9A1E7A4F7556}") = "GeekShopping.IdentityServer", "GeekShopping.IdentityServer\GeekShopping.IdentityServer.csproj", "{D32FC214-7600-421C-82F1-C0709AA2DFCF}"
EndProject
Project("{9A19103F-16F7-4668-BE54-9A1E7A4F7556}") = "GeekShopping.CartAPI", "GeekShopping.CartAPI\GeekShopping.CartAPI.csproj", "{DDC3C17C-846F-4D6A-8049-82E97C0ACF7B}"
EndProject
Project("{9A19103F-16F7-4668-BE54-9A1E7A4F7556}") = "GeekShopping.CouponAPI", "GeekShopping.CouponAPI\GeekShopping.CouponAPI.csproj", "{C6C94221-25D2-4C0D-874B-D7DB13FDE487}"
EndProject
Project("{9A19103F-16F7-4668-BE54-9A1E7A4F7556}") = "GeekShopping.MessageBus", "GeekShopping.MessageBus\GeekShopping.MessageBus.csproj", "{5DC5635E-D245-4353-8683-BE9C80A3CB94}"
EndProject
Project("{9A19103F-16F7-4668-BE54-9A1E7A4F7556}") = "GeekShopping.OrderAPI", "GeekShopping.OrderAPI\GeekShopping.OrderAPI.csproj", "{61E08B76-6E16-4D15-A88D-C7A00E9FD8FB}"
EndProject
Project("{2150E333-8FDC-42A3-9474-1A3956D46DE8}") = "Integration", "Integration", "{5EC13D9F-7321-4275-A734-EB39DD90BE1F}"
EndProject
Project("{2150E333-8FDC-42A3-9474-1A3956D46DE8}") = "Payments", "Payments", "{6B8F031D-CA24-430D-AC0C-726227867F23}"
EndProject
Project("{9A19103F-16F7-4668-BE54-9A1E7A4F7556}") = "GeekShopping.PaymentProcessor", "GeekShopping.PaymentProcessor\GeekShopping.PaymentProcessor.csproj", "{904717CB-2350-4F3F-90BB-C146F339594D}"
EndProject
Project("{9A19103F-16F7-4668-BE54-9A1E7A4F7556}") = "GeekShopping.PaymentAPI", "GeekShopping.PaymentAPI\GeekShopping.PaymentAPI.csproj", "{EFE65A95-88F5-4AC7-8110-A1D2E477DA85}"
EndProject
Project("{9A19103F-16F7-4668-BE54-9A1E7A4F7556}") = "GeekShopping.Email", "GeekShopping.Email\GeekShopping.Email.csproj", "{153C5233-703E-4A09-A3A5-7ED9623D2A6A}"
EndProject
Project("{2150E333-8FDC-42A3-9474-1A3956D46DE8}") = "Gateway", "Gateway", "{BB487882-2806-4F57-A437-452C4A71E2FB}"
EndProject
Project("{9A19103F-16F7-4668-BE54-9A1E7A4F7556}") = "GeekShopping.APIGateway", "GeekShopping.APIGateway\GeekShopping.APIGateway.csproj", "{4202B49E-8A37-4A09-8E46-7D1247B9B90E}"
EndProject
Global
	GlobalSection(SolutionConfigurationPlatforms) = preSolution
		Debug|Any CPU = Debug|Any CPU
		Release|Any CPU = Release|Any CPU
	EndGlobalSection
	GlobalSection(ProjectConfigurationPlatforms) = postSolution
		{55AB43CA-1D5F-4628-9EBE-980722A63DB4}.Debug|Any CPU.ActiveCfg = Debug|Any CPU
		{55AB43CA-1D5F-4628-9EBE-980722A63DB4}.Debug|Any CPU.Build.0 = Debug|Any CPU
		{55AB43CA-1D5F-4628-9EBE-980722A63DB4}.Release|Any CPU.ActiveCfg = Release|Any CPU
		{55AB43CA-1D5F-4628-9EBE-980722A63DB4}.Release|Any CPU.Build.0 = Release|Any CPU
		{9DD9085B-75C0-490A-BA0A-3DFD52CF61C7}.Debug|Any CPU.ActiveCfg = Debug|Any CPU
		{9DD9085B-75C0-490A-BA0A-3DFD52CF61C7}.Debug|Any CPU.Build.0 = Debug|Any CPU
		{9DD9085B-75C0-490A-BA0A-3DFD52CF61C7}.Release|Any CPU.ActiveCfg = Release|Any CPU
		{9DD9085B-75C0-490A-BA0A-3DFD52CF61C7}.Release|Any CPU.Build.0 = Release|Any CPU
		{D32FC214-7600-421C-82F1-C0709AA2DFCF}.Debug|Any CPU.ActiveCfg = Debug|Any CPU
		{D32FC214-7600-421C-82F1-C0709AA2DFCF}.Debug|Any CPU.Build.0 = Debug|Any CPU
		{D32FC214-7600-421C-82F1-C0709AA2DFCF}.Release|Any CPU.ActiveCfg = Release|Any CPU
		{D32FC214-7600-421C-82F1-C0709AA2DFCF}.Release|Any CPU.Build.0 = Release|Any CPU
		{DDC3C17C-846F-4D6A-8049-82E97C0ACF7B}.Debug|Any CPU.ActiveCfg = Debug|Any CPU
		{DDC3C17C-846F-4D6A-8049-82E97C0ACF7B}.Debug|Any CPU.Build.0 = Debug|Any CPU
		{DDC3C17C-846F-4D6A-8049-82E97C0ACF7B}.Release|Any CPU.ActiveCfg = Release|Any CPU
		{DDC3C17C-846F-4D6A-8049-82E97C0ACF7B}.Release|Any CPU.Build.0 = Release|Any CPU
		{C6C94221-25D2-4C0D-874B-D7DB13FDE487}.Debug|Any CPU.ActiveCfg = Debug|Any CPU
		{C6C94221-25D2-4C0D-874B-D7DB13FDE487}.Debug|Any CPU.Build.0 = Debug|Any CPU
		{C6C94221-25D2-4C0D-874B-D7DB13FDE487}.Release|Any CPU.ActiveCfg = Release|Any CPU
		{C6C94221-25D2-4C0D-874B-D7DB13FDE487}.Release|Any CPU.Build.0 = Release|Any CPU
		{5DC5635E-D245-4353-8683-BE9C80A3CB94}.Debug|Any CPU.ActiveCfg = Debug|Any CPU
		{5DC5635E-D245-4353-8683-BE9C80A3CB94}.Debug|Any CPU.Build.0 = Debug|Any CPU
		{5DC5635E-D245-4353-8683-BE9C80A3CB94}.Release|Any CPU.ActiveCfg = Release|Any CPU
		{5DC5635E-D245-4353-8683-BE9C80A3CB94}.Release|Any CPU.Build.0 = Release|Any CPU
		{61E08B76-6E16-4D15-A88D-C7A00E9FD8FB}.Debug|Any CPU.ActiveCfg = Debug|Any CPU
		{61E08B76-6E16-4D15-A88D-C7A00E9FD8FB}.Debug|Any CPU.Build.0 = Debug|Any CPU
		{61E08B76-6E16-4D15-A88D-C7A00E9FD8FB}.Release|Any CPU.ActiveCfg = Release|Any CPU
		{61E08B76-6E16-4D15-A88D-C7A00E9FD8FB}.Release|Any CPU.Build.0 = Release|Any CPU
		{904717CB-2350-4F3F-90BB-C146F339594D}.Debug|Any CPU.ActiveCfg = Debug|Any CPU
		{904717CB-2350-4F3F-90BB-C146F339594D}.Debug|Any CPU.Build.0 = Debug|Any CPU
		{904717CB-2350-4F3F-90BB-C146F339594D}.Release|Any CPU.ActiveCfg = Release|Any CPU
		{904717CB-2350-4F3F-90BB-C146F339594D}.Release|Any CPU.Build.0 = Release|Any CPU
		{EFE65A95-88F5-4AC7-8110-A1D2E477DA85}.Debug|Any CPU.ActiveCfg = Debug|Any CPU
		{EFE65A95-88F5-4AC7-8110-A1D2E477DA85}.Debug|Any CPU.Build.0 = Debug|Any CPU
		{EFE65A95-88F5-4AC7-8110-A1D2E477DA85}.Release|Any CPU.ActiveCfg = Release|Any CPU
		{EFE65A95-88F5-4AC7-8110-A1D2E477DA85}.Release|Any CPU.Build.0 = Release|Any CPU
		{153C5233-703E-4A09-A3A5-7ED9623D2A6A}.Debug|Any CPU.ActiveCfg = Debug|Any CPU
		{153C5233-703E-4A09-A3A5-7ED9623D2A6A}.Debug|Any CPU.Build.0 = Debug|Any CPU
		{153C5233-703E-4A09-A3A5-7ED9623D2A6A}.Release|Any CPU.ActiveCfg = Release|Any CPU
		{153C5233-703E-4A09-A3A5-7ED9623D2A6A}.Release|Any CPU.Build.0 = Release|Any CPU
		{4202B49E-8A37-4A09-8E46-7D1247B9B90E}.Debug|Any CPU.ActiveCfg = Debug|Any CPU
		{4202B49E-8A37-4A09-8E46-7D1247B9B90E}.Debug|Any CPU.Build.0 = Debug|Any CPU
		{4202B49E-8A37-4A09-8E46-7D1247B9B90E}.Release|Any CPU.ActiveCfg = Release|Any CPU
		{4202B49E-8A37-4A09-8E46-7D1247B9B90E}.Release|Any CPU.Build.0 = Release|Any CPU
	EndGlobalSection
	GlobalSection(SolutionProperties) = preSolution
		HideSolutionNode = FALSE
	EndGlobalSection
	GlobalSection(NestedProjects) = preSolution
		{55AB43CA-1D5F-4628-9EBE-980722A63DB4} = {C8577E4F-BF0C-43B0-9985-D632448C0B73}
		{9DD9085B-75C0-490A-BA0A-3DFD52CF61C7} = {4E0057F7-BAF8-42A1-8EEA-5E24FE784564}
		{D32FC214-7600-421C-82F1-C0709AA2DFCF} = {4E0057F7-BAF8-42A1-8EEA-5E24FE784564}
		{DDC3C17C-846F-4D6A-8049-82E97C0ACF7B} = {4E0057F7-BAF8-42A1-8EEA-5E24FE784564}
		{C6C94221-25D2-4C0D-874B-D7DB13FDE487} = {4E0057F7-BAF8-42A1-8EEA-5E24FE784564}
		{5DC5635E-D245-4353-8683-BE9C80A3CB94} = {5EC13D9F-7321-4275-A734-EB39DD90BE1F}
		{61E08B76-6E16-4D15-A88D-C7A00E9FD8FB} = {4E0057F7-BAF8-42A1-8EEA-5E24FE784564}
		{904717CB-2350-4F3F-90BB-C146F339594D} = {6B8F031D-CA24-430D-AC0C-726227867F23}
		{EFE65A95-88F5-4AC7-8110-A1D2E477DA85} = {4E0057F7-BAF8-42A1-8EEA-5E24FE784564}
		{153C5233-703E-4A09-A3A5-7ED9623D2A6A} = {4E0057F7-BAF8-42A1-8EEA-5E24FE784564}
		{4202B49E-8A37-4A09-8E46-7D1247B9B90E} = {BB487882-2806-4F57-A437-452C4A71E2FB}
	EndGlobalSection
	GlobalSection(ExtensibilityGlobals) = postSolution
		SolutionGuid = {675269DB-584E-4F5E-98AF-5909F47B64C1}
	EndGlobalSection
EndGlobal
