
Microsoft Visual Studio Solution File, Format Version 12.00
# Visual Studio Version 17
VisualStudioVersion = 17.5.33627.172
MinimumVisualStudioVersion = 15.0.26124.0
Project("{9A19103F-16F7-4668-BE54-9A1E7A4F7556}") = "Microservicos_dotnet6", "Microservicos_dotnet6\Microservicos_dotnet6.csproj", "{20DDFDE8-CDF5-4E96-AB6E-3D5DA4323F7E}"
EndProject
Global
	GlobalSection(SolutionConfigurationPlatforms) = preSolution
		Debug|Any CPU = Debug|Any CPU
		Release|Any CPU = Release|Any CPU
	EndGlobalSection
	GlobalSection(ProjectConfigurationPlatforms) = postSolution
		{20DDFDE8-CDF5-4E96-AB6E-3D5DA4323F7E}.Debug|Any CPU.ActiveCfg = Debug|Any CPU
		{20DDFDE8-CDF5-4E96-AB6E-3D5DA4323F7E}.Debug|Any CPU.Build.0 = Debug|Any CPU
		{20DDFDE8-CDF5-4E96-AB6E-3D5DA4323F7E}.Release|Any CPU.ActiveCfg = Release|Any CPU
		{20DDFDE8-CDF5-4E96-AB6E-3D5DA4323F7E}.Release|Any CPU.Build.0 = Release|Any CPU
	EndGlobalSection
	GlobalSection(SolutionProperties) = preSolution
		HideSolutionNode = FALSE
	EndGlobalSection
EndGlobal
